
Microsoft Visual Studio Solution File, Format Version 11.00
# Visual Studio 2010
Project("{FAE04EC0-301F-11D3-BF4B-00C04F79EFBC}") = "GhostGear", "GhostGear\GhostGear.csproj", "{1F5FD271-7896-404D-B9DD-707B813BBCAE}"
EndProject
Project("{FAE04EC0-301F-11D3-BF4B-00C04F79EFBC}") = "PelShield", "PelShield\PelShield.csproj", "{1F5FD271-7896-404D-B9DD-707B813BBCAF}"
EndProject
Global
	GlobalSection(SolutionConfigurationPlatforms) = preSolution
		Debug|Any CPU = Debug|Any CPU
		Release|Any CPU = Release|Any CPU
	EndGlobalSection
	GlobalSection(ProjectConfigurationPlatforms) = postSolution
		{1F5FD271-7896-404D-B9DD-707B813BBCAE}.Debug|Any CPU.ActiveCfg = Debug|Any CPU
		{1F5FD271-7896-404D-B9DD-707B813BBCAE}.Debug|Any CPU.Build.0 = Debug|Any CPU
		{1F5FD271-7896-404D-B9DD-707B813BBCAE}.Release|Any CPU.ActiveCfg = Release|Any CPU
		{1F5FD271-7896-404D-B9DD-707B813BBCAE}.Release|Any CPU.Build.0 = Release|Any CPU
		{1F5FD271-7896-404D-B9DD-707B813BBCAF}.Debug|Any CPU.ActiveCfg = Debug|Any CPU
		{1F5FD271-7896-404D-B9DD-707B813BBCAF}.Debug|Any CPU.Build.0 = Debug|Any CPU
		{1F5FD271-7896-404D-B9DD-707B813BBCAF}.Release|Any CPU.ActiveCfg = Release|Any CPU
		{1F5FD271-7896-404D-B9DD-707B813BBCAF}.Release|Any CPU.Build.0 = Release|Any CPU
	EndGlobalSection
	GlobalSection(SolutionProperties) = preSolution
		HideSolutionNode = FALSE
	EndGlobalSection
EndGlobal
